
Microsoft Visual Studio Solution File, Format Version 12.00
# Visual Studio Version 17
VisualStudioVersion = 17.1.32210.238
MinimumVisualStudioVersion = 10.0.40219.1
Project("{FAE04EC0-301F-11D3-BF4B-00C04F79EFBC}") = "uppgift 2.13", "uppgift 2.13\uppgift 2.13.csproj", "{ECD7C404-23D4-4E67-8CB2-B2C296FA036D}"
EndProject
Global
	GlobalSection(SolutionConfigurationPlatforms) = preSolution
		Debug|Any CPU = Debug|Any CPU
		Release|Any CPU = Release|Any CPU
	EndGlobalSection
	GlobalSection(ProjectConfigurationPlatforms) = postSolution
		{ECD7C404-23D4-4E67-8CB2-B2C296FA036D}.Debug|Any CPU.ActiveCfg = Debug|Any CPU
		{ECD7C404-23D4-4E67-8CB2-B2C296FA036D}.Debug|Any CPU.Build.0 = Debug|Any CPU
		{ECD7C404-23D4-4E67-8CB2-B2C296FA036D}.Release|Any CPU.ActiveCfg = Release|Any CPU
		{ECD7C404-23D4-4E67-8CB2-B2C296FA036D}.Release|Any CPU.Build.0 = Release|Any CPU
	EndGlobalSection
	GlobalSection(SolutionProperties) = preSolution
		HideSolutionNode = FALSE
	EndGlobalSection
	GlobalSection(ExtensibilityGlobals) = postSolution
		SolutionGuid = {2C3354FF-8E50-40B5-A9AD-DCB702420325}
	EndGlobalSection
EndGlobal
